
Microsoft Visual Studio Solution File, Format Version 12.00
# Visual Studio 15
VisualStudioVersion = 15.0.28307.329
MinimumVisualStudioVersion = 10.0.40219.1
Project("{FAE04EC0-301F-11D3-BF4B-00C04F79EFBC}") = "EnrollmentApplication", "EnrollmentApplication\EnrollmentApplication.csproj", "{B59FE52C-58E7-45F4-AD2E-DF870643005D}"
EndProject
Global
	GlobalSection(SolutionConfigurationPlatforms) = preSolution
		Debug|Any CPU = Debug|Any CPU
		Release|Any CPU = Release|Any CPU
	EndGlobalSection
	GlobalSection(ProjectConfigurationPlatforms) = postSolution
		{B59FE52C-58E7-45F4-AD2E-DF870643005D}.Debug|Any CPU.ActiveCfg = Debug|Any CPU
		{B59FE52C-58E7-45F4-AD2E-DF870643005D}.Debug|Any CPU.Build.0 = Debug|Any CPU
		{B59FE52C-58E7-45F4-AD2E-DF870643005D}.Release|Any CPU.ActiveCfg = Release|Any CPU
		{B59FE52C-58E7-45F4-AD2E-DF870643005D}.Release|Any CPU.Build.0 = Release|Any CPU
	EndGlobalSection
	GlobalSection(SolutionProperties) = preSolution
		HideSolutionNode = FALSE
	EndGlobalSection
	GlobalSection(ExtensibilityGlobals) = postSolution
		SolutionGuid = {CD594F0E-DDC1-4D2B-83BA-F67B3F82ED45}
	EndGlobalSection
EndGlobal
